
Microsoft Visual Studio Solution File, Format Version 12.00
# Visual Studio Version 17
VisualStudioVersion = 17.9.34622.214
MinimumVisualStudioVersion = 10.0.40219.1
Project("{9A19103F-16F7-4668-BE54-9A1E7A4F7556}") = "ToDoApp.DB", "ToDoApp.DB\ToDoApp.DB.csproj", "{DFE52835-55BA-4692-8E3A-3D410EA8D151}"
EndProject
Project("{9A19103F-16F7-4668-BE54-9A1E7A4F7556}") = "ToDoApp.Common", "ToDoApp.Common\ToDoApp.Common.csproj", "{CE3EC1DC-F000-409B-A849-DEEC3C59C12F}"
EndProject
Project("{9A19103F-16F7-4668-BE54-9A1E7A4F7556}") = "ToDoApp.Tests", "ToDoApp.Tests\ToDoApp.Tests.csproj", "{8915609B-28F7-4E86-A70E-40EAC674B78D}"
EndProject
Project("{9A19103F-16F7-4668-BE54-9A1E7A4F7556}") = "ToDoApp.API", "ToDoApp.API\ToDoApp.API.csproj", "{7CF9AEF6-740C-4640-B14C-6E6ACE5BE67E}"
EndProject
Project("{FAE04EC0-301F-11D3-BF4B-00C04F79EFBC}") = "ToDoApp.BL", "ToDoApp.BL\ToDoApp.BL.csproj", "{51204F10-7D6B-431F-AEF9-D9511B6C0DA4}"
EndProject
Global
	GlobalSection(SolutionConfigurationPlatforms) = preSolution
		Debug|Any CPU = Debug|Any CPU
		Release|Any CPU = Release|Any CPU
	EndGlobalSection
	GlobalSection(ProjectConfigurationPlatforms) = postSolution
		{DFE52835-55BA-4692-8E3A-3D410EA8D151}.Debug|Any CPU.ActiveCfg = Debug|Any CPU
		{DFE52835-55BA-4692-8E3A-3D410EA8D151}.Debug|Any CPU.Build.0 = Debug|Any CPU
		{DFE52835-55BA-4692-8E3A-3D410EA8D151}.Release|Any CPU.ActiveCfg = Release|Any CPU
		{DFE52835-55BA-4692-8E3A-3D410EA8D151}.Release|Any CPU.Build.0 = Release|Any CPU
		{CE3EC1DC-F000-409B-A849-DEEC3C59C12F}.Debug|Any CPU.ActiveCfg = Debug|Any CPU
		{CE3EC1DC-F000-409B-A849-DEEC3C59C12F}.Debug|Any CPU.Build.0 = Debug|Any CPU
		{CE3EC1DC-F000-409B-A849-DEEC3C59C12F}.Release|Any CPU.ActiveCfg = Release|Any CPU
		{CE3EC1DC-F000-409B-A849-DEEC3C59C12F}.Release|Any CPU.Build.0 = Release|Any CPU
		{8915609B-28F7-4E86-A70E-40EAC674B78D}.Debug|Any CPU.ActiveCfg = Debug|Any CPU
		{8915609B-28F7-4E86-A70E-40EAC674B78D}.Debug|Any CPU.Build.0 = Debug|Any CPU
		{8915609B-28F7-4E86-A70E-40EAC674B78D}.Release|Any CPU.ActiveCfg = Release|Any CPU
		{8915609B-28F7-4E86-A70E-40EAC674B78D}.Release|Any CPU.Build.0 = Release|Any CPU
		{7CF9AEF6-740C-4640-B14C-6E6ACE5BE67E}.Debug|Any CPU.ActiveCfg = Debug|Any CPU
		{7CF9AEF6-740C-4640-B14C-6E6ACE5BE67E}.Debug|Any CPU.Build.0 = Debug|Any CPU
		{7CF9AEF6-740C-4640-B14C-6E6ACE5BE67E}.Release|Any CPU.ActiveCfg = Release|Any CPU
		{7CF9AEF6-740C-4640-B14C-6E6ACE5BE67E}.Release|Any CPU.Build.0 = Release|Any CPU
		{51204F10-7D6B-431F-AEF9-D9511B6C0DA4}.Debug|Any CPU.ActiveCfg = Debug|Any CPU
		{51204F10-7D6B-431F-AEF9-D9511B6C0DA4}.Debug|Any CPU.Build.0 = Debug|Any CPU
		{51204F10-7D6B-431F-AEF9-D9511B6C0DA4}.Release|Any CPU.ActiveCfg = Release|Any CPU
		{51204F10-7D6B-431F-AEF9-D9511B6C0DA4}.Release|Any CPU.Build.0 = Release|Any CPU
	EndGlobalSection
	GlobalSection(SolutionProperties) = preSolution
		HideSolutionNode = FALSE
	EndGlobalSection
	GlobalSection(ExtensibilityGlobals) = postSolution
		SolutionGuid = {FBEF3864-2951-45C1-8E69-5A1AB52504C5}
	EndGlobalSection
EndGlobal
